%{"dialyxir": {:hex, :dialyxir, "0.5.1", "b331b091720fd93e878137add264bac4f644e1ddae07a70bf7062c7862c4b952", [], [], "hexpm"},
  "earmark": {:hex, :earmark, "1.2.3", "206eb2e2ac1a794aa5256f3982de7a76bf4579ff91cb28d0e17ea2c9491e46a4", [:mix], [], "hexpm"},
  "elixir_make": {:hex, :elixir_make, "0.4.0", "992f38fabe705bb45821a728f20914c554b276838433349d4f2341f7a687cddf", [:mix], [], "hexpm"},
  "ex_doc": {:hex, :ex_doc, "0.16.2", "3b3e210ebcd85a7c76b4e73f85c5640c011d2a0b2f06dcdf5acdb2ae904e5084", [:mix], [{:earmark, "~> 1.1", [hex: :earmark, repo: "hexpm", optional: false]}], "hexpm"},
  "nerves_network_interface": {:hex, :nerves_network_interface, "0.4.2", "7a3663a07803f2f9f1e37146714d24ccec1e9349268586e4ed8c41f38641d837", [:make, :mix], [{:elixir_make, "~> 0.4", [hex: :elixir_make, repo: "hexpm", optional: false]}], "hexpm"},
  "nerves_wpa_supplicant": {:hex, :nerves_wpa_supplicant, "0.3.2", "19dc7e1248336e7f542b11b2b857ceb5b088d3eb41a6ca75b7b76628dcf67aad", [:make, :mix], [{:elixir_make, "~> 0.3", [hex: :elixir_make, repo: "hexpm", optional: false]}], "hexpm"},
  "system_registry": {:hex, :system_registry, "0.4.0", "d8a7267005418efd8291df327153ae6f11badcb7a8827dd00ed59dc9abb3f9a6", [:mix], [], "hexpm"}}
